<?xml version="1.0" encoding="utf-8"?>
<Project ToolsVersion="4.0" xmlns="http://schemas.microsoft.com/developer/msbuild/2003">
  <ItemGroup>
    <ClCompile Include="src\game\main.c" />
    <ClCompile Include="src\engine\log.c" />
    <ClCompile Include="src\engine\android.c" />
    <ClCompile Include="src\engine\platform.c" />
    <ClCompile Include="src\engine\geometry.c" />
    <ClCompile Include="src\engine\graphics.c" />
    <ClCompile Include="src\engine\list.c" />
    <ClCompile Include="src\engine\math.c" />
    <ClCompile Include="src\engine\physics.c" />
    <ClCompile Include="src\engine\window.c" />
    <ClCompile Include="src\engine\time.c" />
    <ClCompile Include="src\engine\random.c" />
    <ClCompile Include="src\engine\image.c" />
    <ClCompile Include="src\engine\sound.c" />
    <ClCompile Include="src\engine\data.c" />
  </ItemGroup>
  <ItemGroup>
    <ClInclude Include="src\engine\log.h" />
    <ClInclude Include="src\engine\android.h" />
    <ClInclude Include="src\engine\platform.h" />
    <ClInclude Include="src\engine\geometry.h" />
    <ClInclude Include="src\engine\graphics.h" />
    <ClInclude Include="src\engine\list.h" />
    <ClInclude Include="src\engine\math.h" />
    <ClInclude Include="src\engine\physics.h" />
    <ClInclude Include="src\engine\window.h" />
    <ClInclude Include="src\engine\time.h" />
    <ClInclude Include="src\engine\random.h" />
    <ClInclude Include="src\engine\image.h" />
    <ClInclude Include="src\engine\sound.h" />
    <ClInclude Include="src\game\main.h" />
    <ClInclude Include="src\engine\data.h" />
  </ItemGroup>
</Project>